
Microsoft Visual Studio Solution File, Format Version 12.00
Project("{FAE04EC0-301F-11D3-BF4B-00C04F79EFBC}") = "Laboratorna_6_2_REC", "Laboratorna_6_2_REC\Laboratorna_6_2_REC.csproj", "{F049FAED-A35D-4FFE-8F6E-53B8F67182ED}"
EndProject
Project("{FAE04EC0-301F-11D3-BF4B-00C04F79EFBC}") = "Laboratorna_6_2_REC.Tests", "Laboratorna_6_2_REC.Tests\Laboratorna_6_2_REC.Tests.csproj", "{AB48D70E-A0AC-4A0E-8696-69BEA71B2A7B}"
EndProject
Global
	GlobalSection(SolutionConfigurationPlatforms) = preSolution
		Debug|Any CPU = Debug|Any CPU
		Release|Any CPU = Release|Any CPU
	EndGlobalSection
	GlobalSection(ProjectConfigurationPlatforms) = postSolution
		{F049FAED-A35D-4FFE-8F6E-53B8F67182ED}.Debug|Any CPU.ActiveCfg = Debug|Any CPU
		{F049FAED-A35D-4FFE-8F6E-53B8F67182ED}.Debug|Any CPU.Build.0 = Debug|Any CPU
		{F049FAED-A35D-4FFE-8F6E-53B8F67182ED}.Release|Any CPU.ActiveCfg = Release|Any CPU
		{F049FAED-A35D-4FFE-8F6E-53B8F67182ED}.Release|Any CPU.Build.0 = Release|Any CPU
		{AB48D70E-A0AC-4A0E-8696-69BEA71B2A7B}.Debug|Any CPU.ActiveCfg = Debug|Any CPU
		{AB48D70E-A0AC-4A0E-8696-69BEA71B2A7B}.Debug|Any CPU.Build.0 = Debug|Any CPU
		{AB48D70E-A0AC-4A0E-8696-69BEA71B2A7B}.Release|Any CPU.ActiveCfg = Release|Any CPU
		{AB48D70E-A0AC-4A0E-8696-69BEA71B2A7B}.Release|Any CPU.Build.0 = Release|Any CPU
	EndGlobalSection
EndGlobal
